lockfileVersion: 5.4

specifiers:
  ws: ^8.11.0

dependencies:
  ws: 8.11.0

packages:

  /ws/8.11.0:
    resolution: {integrity: sha512-HPG3wQd9sNQoT9xHyNCXoDUa+Xw/VevmY9FoHyQ+g+rrMn4j6FB4np7Z0OhdTgjx6MgQLK7jwSy1YecU1+4Asg==}
    engines: {node: '>=10.0.0'}
    peerDependencies:
      bufferutil: ^4.0.1
      utf-8-validate: ^5.0.2
    peerDependenciesMeta:
      bufferutil:
        optional: true
      utf-8-validate:
        optional: true
    dev: false
